// !$*UTF8*$!
{
	archiveVersion = 1;
	classes = {
	};
	objectVersion = 50;
	objects = {

/* Begin PBXBuildFile section */
		B138986B24766FE50095ACB8 /* AppDelegate.m in Sources */ = {isa = PBXBuildFile; fileRef = B138986A24766FE50095ACB8 /* AppDelegate.m */; };
		B138986E24766FE50095ACB8 /* SceneDelegate.m in Sources */ = {isa = PBXBuildFile; fileRef = B138986D24766FE50095ACB8 /* SceneDelegate.m */; };
		B138987124766FE50095ACB8 /* ViewController.m in Sources */ = {isa = PBXBuildFile; fileRef = B138987024766FE50095ACB8 /* ViewController.m */; };
		B138987424766FE50095ACB8 /* Main.storyboard in Resources */ = {isa = PBXBuildFile; fileRef = B138987224766FE50095ACB8 /* Main.storyboard */; };
		B138987724766FE50095ACB8 /* objC_CoreData.xcdatamodeld in Sources */ = {isa = PBXBuildFile; fileRef = B138987524766FE50095ACB8 /* objC_CoreData.xcdatamodeld */; };
		B138987924766FE70095ACB8 /* Assets.xcassets in Resources */ = {isa = PBXBuildFile; fileRef = B138987824766FE70095ACB8 /* Assets.xcassets */; };
		B138987C24766FE70095ACB8 /* LaunchScreen.storyboard in Resources */ = {isa = PBXBuildFile; fileRef = B138987A24766FE70095ACB8 /* LaunchScreen.storyboard */; };
		B138987F24766FE70095ACB8 /* main.m in Sources */ = {isa = PBXBuildFile; fileRef = B138987E24766FE70095ACB8 /* main.m */; };
		B138988924766FE70095ACB8 /* objC_CoreDataTests.m in Sources */ = {isa = PBXBuildFile; fileRef = B138988824766FE70095ACB8 /* objC_CoreDataTests.m */; };
		B138989424766FE70095ACB8 /* objC_CoreDataUITests.m in Sources */ = {isa = PBXBuildFile; fileRef = B138989324766FE70095ACB8 /* objC_CoreDataUITests.m */; };
		B13898A52476B7260095ACB8 /* Student+CoreDataClass.m in Sources */ = {isa = PBXBuildFile; fileRef = B13898A32476B7260095ACB8 /* Student+CoreDataClass.m */; };
		B13898A62476B7260095ACB8 /* Student+CoreDataProperties.m in Sources */ = {isa = PBXBuildFile; fileRef = B13898A42476B7260095ACB8 /* Student+CoreDataProperties.m */; };
		B13898A82476DEA70095ACB8 /* names.json in Resources */ = {isa = PBXBuildFile; fileRef = B13898A72476DEA70095ACB8 /* names.json */; };
/* End PBXBuildFile section */

/* Begin PBXContainerItemProxy section */
		B138988524766FE70095ACB8 /* PBXContainerItemProxy */ = {
			isa = PBXContainerItemProxy;
			containerPortal = B138985E24766FE50095ACB8 /* Project object */;
			proxyType = 1;
			remoteGlobalIDString = B138986524766FE50095ACB8;
			remoteInfo = objC_CoreData;
		};
		B138989024766FE70095ACB8 /* PBXContainerItemProxy */ = {
			isa = PBXContainerItemProxy;
			containerPortal = B138985E24766FE50095ACB8 /* Project object */;
			proxyType = 1;
			remoteGlobalIDString = B138986524766FE50095ACB8;
			remoteInfo = objC_CoreData;
		};
/* End PBXContainerItemProxy section */

/* Begin PBXFileReference section */
		B138986624766FE50095ACB8 /* objC_CoreData.app */ = {isa = PBXFileReference; explicitFileType = wrapper.application; includeInIndex = 0; path = objC_CoreData.app; sourceTree = BUILT_PRODUCTS_DIR; };
		B138986924766FE50095ACB8 /* AppDelegate.h */ = {isa = PBXFileReference; lastKnownFileType = sourcecode.c.h; path = AppDelegate.h; sourceTree = "<group>"; };
		B138986A24766FE50095ACB8 /* AppDelegate.m */ = {isa = PBXFileReference; lastKnownFileType = sourcecode.c.objc; path = AppDelegate.m; sourceTree = "<group>"; };
		B138986C24766FE50095ACB8 /* SceneDelegate.h */ = {isa = PBXFileReference; lastKnownFileType = sourcecode.c.h; path = SceneDelegate.h; sourceTree = "<group>"; };
		B138986D24766FE50095ACB8 /* SceneDelegate.m */ = {isa = PBXFileReference; lastKnownFileType = sourcecode.c.objc; path = SceneDelegate.m; sourceTree = "<group>"; };
		B138986F24766FE50095ACB8 /* ViewController.h */ = {isa = PBXFileReference; lastKnownFileType = sourcecode.c.h; path = ViewController.h; sourceTree = "<group>"; };
		B138987024766FE50095ACB8 /* ViewController.m */ = {isa = PBXFileReference; lastKnownFileType = sourcecode.c.objc; path = ViewController.m; sourceTree = "<group>"; };
		B138987324766FE50095ACB8 /* Base */ = {isa = PBXFileReference; lastKnownFileType = file.storyboard; name = Base; path = Base.lproj/Main.storyboard; sourceTree = "<group>"; };
		B138987624766FE50095ACB8 /* objC_CoreData.xcdatamodel */ = {isa = PBXFileReference; lastKnownFileType = wrapper.xcdatamodel; path = objC_CoreData.xcdatamodel; sourceTree = "<group>"; };
		B138987824766FE70095ACB8 /* Assets.xcassets */ = {isa = PBXFileReference; lastKnownFileType = folder.assetcatalog; path = Assets.xcassets; sourceTree = "<group>"; };
		B138987B24766FE70095ACB8 /* Base */ = {isa = PBXFileReference; lastKnownFileType = file.storyboard; name = Base; path = Base.lproj/LaunchScreen.storyboard; sourceTree = "<group>"; };
		B138987D24766FE70095ACB8 /* Info.plist */ = {isa = PBXFileReference; lastKnownFileType = text.plist.xml; path = Info.plist; sourceTree = "<group>"; };
		B138987E24766FE70095ACB8 /* main.m */ = {isa = PBXFileReference; lastKnownFileType = sourcecode.c.objc; path = main.m; sourceTree = "<group>"; };
		B138988424766FE70095ACB8 /* objC_CoreDataTests.xctest */ = {isa = PBXFileReference; explicitFileType = wrapper.cfbundle; includeInIndex = 0; path = objC_CoreDataTests.xctest; sourceTree = BUILT_PRODUCTS_DIR; };
		B138988824766FE70095ACB8 /* objC_CoreDataTests.m */ = {isa = PBXFileReference; lastKnownFileType = sourcecode.c.objc; path = objC_CoreDataTests.m; sourceTree = "<group>"; };
		B138988A24766FE70095ACB8 /* Info.plist */ = {isa = PBXFileReference; lastKnownFileType = text.plist.xml; path = Info.plist; sourceTree = "<group>"; };
		B138988F24766FE70095ACB8 /* objC_CoreDataUITests.xctest */ = {isa = PBXFileReference; explicitFileType = wrapper.cfbundle; includeInIndex = 0; path = objC_CoreDataUITests.xctest; sourceTree = BUILT_PRODUCTS_DIR; };
		B138989324766FE70095ACB8 /* objC_CoreDataUITests.m */ = {isa = PBXFileReference; lastKnownFileType = sourcecode.c.objc; path = objC_CoreDataUITests.m; sourceTree = "<group>"; };
		B138989524766FE70095ACB8 /* Info.plist */ = {isa = PBXFileReference; lastKnownFileType = text.plist.xml; path = Info.plist; sourceTree = "<group>"; };
		B13898A12476B7260095ACB8 /* Student+CoreDataProperties.h */ = {isa = PBXFileReference; lastKnownFileType = sourcecode.c.h; path = "Student+CoreDataProperties.h"; sourceTree = "<group>"; };
		B13898A22476B7260095ACB8 /* Student+CoreDataClass.h */ = {isa = PBXFileReference; lastKnownFileType = sourcecode.c.h; path = "Student+CoreDataClass.h"; sourceTree = "<group>"; };
		B13898A32476B7260095ACB8 /* Student+CoreDataClass.m */ = {isa = PBXFileReference; lastKnownFileType = sourcecode.c.objc; path = "Student+CoreDataClass.m"; sourceTree = "<group>"; };
		B13898A42476B7260095ACB8 /* Student+CoreDataProperties.m */ = {isa = PBXFileReference; lastKnownFileType = sourcecode.c.objc; path = "Student+CoreDataProperties.m"; sourceTree = "<group>"; };
		B13898A72476DEA70095ACB8 /* names.json */ = {isa = PBXFileReference; lastKnownFileType = text.json; path = names.json; sourceTree = "<group>"; };
/* End PBXFileReference section */

/* Begin PBXFrameworksBuildPhase section */
		B138986324766FE50095ACB8 /* Frameworks */ = {
			isa = PBXFrameworksBuildPhase;
			buildActionMask = 2147483647;
			files = (
			);
			runOnlyForDeploymentPostprocessing = 0;
		};
		B138988124766FE70095ACB8 /* Frameworks */ = {
			isa = PBXFrameworksBuildPhase;
			buildActionMask = 2147483647;
			files = (
			);
			runOnlyForDeploymentPostprocessing = 0;
		};
		B138988C24766FE70095ACB8 /* Frameworks */ = {
			isa = PBXFrameworksBuildPhase;
			buildActionMask = 2147483647;
			files = (
			);
			runOnlyForDeploymentPostprocessing = 0;
		};
/* End PBXFrameworksBuildPhase section */

/* Begin PBXGroup section */
		B138985D24766FE50095ACB8 = {
			isa = PBXGroup;
			children = (
				B13898A12476B7260095ACB8 /* Student+CoreDataProperties.h */,
				B13898A22476B7260095ACB8 /* Student+CoreDataClass.h */,
				B13898A32476B7260095ACB8 /* Student+CoreDataClass.m */,
				B13898A42476B7260095ACB8 /* Student+CoreDataProperties.m */,
				B138986824766FE50095ACB8 /* objC_CoreData */,
				B138988724766FE70095ACB8 /* objC_CoreDataTests */,
				B138989224766FE70095ACB8 /* objC_CoreDataUITests */,
				B138986724766FE50095ACB8 /* Products */,
			);
			sourceTree = "<group>";
		};
		B138986724766FE50095ACB8 /* Products */ = {
			isa = PBXGroup;
			children = (
				B138986624766FE50095ACB8 /* objC_CoreData.app */,
				B138988424766FE70095ACB8 /* objC_CoreDataTests.xctest */,
				B138988F24766FE70095ACB8 /* objC_CoreDataUITests.xctest */,
			);
			name = Products;
			sourceTree = "<group>";
		};
		B138986824766FE50095ACB8 /* objC_CoreData */ = {
			isa = PBXGroup;
			children = (
				B138986924766FE50095ACB8 /* AppDelegate.h */,
				B138986A24766FE50095ACB8 /* AppDelegate.m */,
				B138986C24766FE50095ACB8 /* SceneDelegate.h */,
				B138986D24766FE50095ACB8 /* SceneDelegate.m */,
				B138986F24766FE50095ACB8 /* ViewController.h */,
				B138987024766FE50095ACB8 /* ViewController.m */,
				B138987224766FE50095ACB8 /* Main.storyboard */,
				B138987824766FE70095ACB8 /* Assets.xcassets */,
				B138987A24766FE70095ACB8 /* LaunchScreen.storyboard */,
				B138987D24766FE70095ACB8 /* Info.plist */,
				B138987E24766FE70095ACB8 /* main.m */,
				B138987524766FE50095ACB8 /* objC_CoreData.xcdatamodeld */,
				B13898A72476DEA70095ACB8 /* names.json */,
			);
			path = objC_CoreData;
			sourceTree = "<group>";
		};
		B138988724766FE70095ACB8 /* objC_CoreDataTests */ = {
			isa = PBXGroup;
			children = (
				B138988824766FE70095ACB8 /* objC_CoreDataTests.m */,
				B138988A24766FE70095ACB8 /* Info.plist */,
			);
			path = objC_CoreDataTests;
			sourceTree = "<group>";
		};
		B138989224766FE70095ACB8 /* objC_CoreDataUITests */ = {
			isa = PBXGroup;
			children = (
				B138989324766FE70095ACB8 /* objC_CoreDataUITests.m */,
				B138989524766FE70095ACB8 /* Info.plist */,
			);
			path = objC_CoreDataUITests;
			sourceTree = "<group>";
		};
/* End PBXGroup section */

/* Begin PBXNativeTarget section */
		B138986524766FE50095ACB8 /* objC_CoreData */ = {
			isa = PBXNativeTarget;
			buildConfigurationList = B138989824766FE70095ACB8 /* Build configuration list for PBXNativeTarget "objC_CoreData" */;
			buildPhases = (
				B138986224766FE50095ACB8 /* Sources */,
				B138986324766FE50095ACB8 /* Frameworks */,
				B138986424766FE50095ACB8 /* Resources */,
			);
			buildRules = (
			);
			dependencies = (
			);
			name = objC_CoreData;
			productName = objC_CoreData;
			productReference = B138986624766FE50095ACB8 /* objC_CoreData.app */;
			productType = "com.apple.product-type.application";
		};
		B138988324766FE70095ACB8 /* objC_CoreDataTests */ = {
			isa = PBXNativeTarget;
			buildConfigurationList = B138989B24766FE70095ACB8 /* Build configuration list for PBXNativeTarget "objC_CoreDataTests" */;
			buildPhases = (
				B138988024766FE70095ACB8 /* Sources */,
				B138988124766FE70095ACB8 /* Frameworks */,
				B138988224766FE70095ACB8 /* Resources */,
			);
			buildRules = (
			);
			dependencies = (
				B138988624766FE70095ACB8 /* PBXTargetDependency */,
			);
			name = objC_CoreDataTests;
			productName = objC_CoreDataTests;
			productReference = B138988424766FE70095ACB8 /* objC_CoreDataTests.xctest */;
			productType = "com.apple.product-type.bundle.unit-test";
		};
		B138988E24766FE70095ACB8 /* objC_CoreDataUITests */ = {
			isa = PBXNativeTarget;
			buildConfigurationList = B138989E24766FE70095ACB8 /* Build configuration list for PBXNativeTarget "objC_CoreDataUITests" */;
			buildPhases = (
				B138988B24766FE70095ACB8 /* Sources */,
				B138988C24766FE70095ACB8 /* Frameworks */,
				B138988D24766FE70095ACB8 /* Resources */,
			);
			buildRules = (
			);
			dependencies = (
				B138989124766FE70095ACB8 /* PBXTargetDependency */,
			);
			name = objC_CoreDataUITests;
			productName = objC_CoreDataUITests;
			productReference = B138988F24766FE70095ACB8 /* objC_CoreDataUITests.xctest */;
			productType = "com.apple.product-type.bundle.ui-testing";
		};
/* End PBXNativeTarget section */

/* Begin PBXProject section */
		B138985E24766FE50095ACB8 /* Project object */ = {
			isa = PBXProject;
			attributes = {
				LastUpgradeCheck = 1110;
				ORGANIZATIONNAME = com.kluv.hw24;
				TargetAttributes = {
					B138986524766FE50095ACB8 = {
						CreatedOnToolsVersion = 11.1;
					};
					B138988324766FE70095ACB8 = {
						CreatedOnToolsVersion = 11.1;
						TestTargetID = B138986524766FE50095ACB8;
					};
					B138988E24766FE70095ACB8 = {
						CreatedOnToolsVersion = 11.1;
						TestTargetID = B138986524766FE50095ACB8;
					};
				};
			};
			buildConfigurationList = B138986124766FE50095ACB8 /* Build configuration list for PBXProject "objC_CoreData" */;
			compatibilityVersion = "Xcode 9.3";
			developmentRegion = en;
			hasScannedForEncodings = 0;
			knownRegions = (
				en,
				Base,
			);
			mainGroup = B138985D24766FE50095ACB8;
			productRefGroup = B138986724766FE50095ACB8 /* Products */;
			projectDirPath = "";
			projectRoot = "";
			targets = (
				B138986524766FE50095ACB8 /* objC_CoreData */,
				B138988324766FE70095ACB8 /* objC_CoreDataTests */,
				B138988E24766FE70095ACB8 /* objC_CoreDataUITests */,
			);
		};
/* End PBXProject section */

/* Begin PBXResourcesBuildPhase section */
		B138986424766FE50095ACB8 /* Resources */ = {
			isa = PBXResourcesBuildPhase;
			buildActionMask = 2147483647;
			files = (
				B138987C24766FE70095ACB8 /* LaunchScreen.storyboard in Resources */,
				B138987924766FE70095ACB8 /* Assets.xcassets in Resources */,
				B13898A82476DEA70095ACB8 /* names.json in Resources */,
				B138987424766FE50095ACB8 /* Main.storyboard in Resources */,
			);
			runOnlyForDeploymentPostprocessing = 0;
		};
		B138988224766FE70095ACB8 /* Resources */ = {
			isa = PBXResourcesBuildPhase;
			buildActionMask = 2147483647;
			files = (
			);
			runOnlyForDeploymentPostprocessing = 0;
		};
		B138988D24766FE70095ACB8 /* Resources */ = {
			isa = PBXResourcesBuildPhase;
			buildActionMask = 2147483647;
			files = (
			);
			runOnlyForDeploymentPostprocessing = 0;
		};
/* End PBXResourcesBuildPhase section */

/* Begin PBXSourcesBuildPhase section */
		B138986224766FE50095ACB8 /* Sources */ = {
			isa = PBXSourcesBuildPhase;
			buildActionMask = 2147483647;
			files = (
				B138987F24766FE70095ACB8 /* main.m in Sources */,
				B13898A52476B7260095ACB8 /* Student+CoreDataClass.m in Sources */,
				B138987124766FE50095ACB8 /* ViewController.m in Sources */,
				B138986B24766FE50095ACB8 /* AppDelegate.m in Sources */,
				B138987724766FE50095ACB8 /* objC_CoreData.xcdatamodeld in Sources */,
				B13898A62476B7260095ACB8 /* Student+CoreDataProperties.m in Sources */,
				B138986E24766FE50095ACB8 /* SceneDelegate.m in Sources */,
			);
			runOnlyForDeploymentPostprocessing = 0;
		};
		B138988024766FE70095ACB8 /* Sources */ = {
			isa = PBXSourcesBuildPhase;
			buildActionMask = 2147483647;
			files = (
				B138988924766FE70095ACB8 /* objC_CoreDataTests.m in Sources */,
			);
			runOnlyForDeploymentPostprocessing = 0;
		};
		B138988B24766FE70095ACB8 /* Sources */ = {
			isa = PBXSourcesBuildPhase;
			buildActionMask = 2147483647;
			files = (
				B138989424766FE70095ACB8 /* objC_CoreDataUITests.m in Sources */,
			);
			runOnlyForDeploymentPostprocessing = 0;
		};
/* End PBXSourcesBuildPhase section */

/* Begin PBXTargetDependency section */
		B138988624766FE70095ACB8 /* PBXTargetDependency */ = {
			isa = PBXTargetDependency;
			target = B138986524766FE50095ACB8 /* objC_CoreData */;
			targetProxy = B138988524766FE70095ACB8 /* PBXContainerItemProxy */;
		};
		B138989124766FE70095ACB8 /* PBXTargetDependency */ = {
			isa = PBXTargetDependency;
			target = B138986524766FE50095ACB8 /* objC_CoreData */;
			targetProxy = B138989024766FE70095ACB8 /* PBXContainerItemProxy */;
		};
/* End PBXTargetDependency section */

/* Begin PBXVariantGroup section */
		B138987224766FE50095ACB8 /* Main.storyboard */ = {
			isa = PBXVariantGroup;
			children = (
				B138987324766FE50095ACB8 /* Base */,
			);
			name = Main.storyboard;
			sourceTree = "<group>";
		};
		B138987A24766FE70095ACB8 /* LaunchScreen.storyboard */ = {
			isa = PBXVariantGroup;
			children = (
				B138987B24766FE70095ACB8 /* Base */,
			);
			name = LaunchScreen.storyboard;
			sourceTree = "<group>";
		};
/* End PBXVariantGroup section */

/* Begin XCBuildConfiguration section */
		B138989624766FE70095ACB8 /* Debug */ = {
			isa = XCBuildConfiguration;
			buildSettings = {
				ALWAYS_SEARCH_USER_PATHS = NO;
				CLANG_ANALYZER_NONNULL = YES;
				CLANG_ANALYZER_NUMBER_OBJECT_CONVERSION = YES_AGGRESSIVE;
				CLANG_CXX_LANGUAGE_STANDARD = "gnu++14";
				CLANG_CXX_LIBRARY = "libc++";
				CLANG_ENABLE_MODULES = YES;
				CLANG_ENABLE_OBJC_ARC = YES;
				CLANG_ENABLE_OBJC_WEAK = YES;
				CLANG_WARN_BLOCK_CAPTURE_AUTORELEASING = YES;
				CLANG_WARN_BOOL_CONVERSION = YES;
				CLANG_WARN_COMMA = YES;
				CLANG_WARN_CONSTANT_CONVERSION = YES;
				CLANG_WARN_DEPRECATED_OBJC_IMPLEMENTATIONS = YES;
				CLANG_WARN_DIRECT_OBJC_ISA_USAGE = YES_ERROR;
				CLANG_WARN_DOCUMENTATION_COMMENTS = YES;
				CLANG_WARN_EMPTY_BODY = YES;
				CLANG_WARN_ENUM_CONVERSION = YES;
				CLANG_WARN_INFINITE_RECURSION = YES;
				CLANG_WARN_INT_CONVERSION = YES;
				CLANG_WARN_NON_LITERAL_NULL_CONVERSION = YES;
				CLANG_WARN_OBJC_IMPLICIT_RETAIN_SELF = YES;
				CLANG_WARN_OBJC_LITERAL_CONVERSION = YES;
				CLANG_WARN_OBJC_ROOT_CLASS = YES_ERROR;
				CLANG_WARN_RANGE_LOOP_ANALYSIS = YES;
				CLANG_WARN_STRICT_PROTOTYPES = YES;
				CLANG_WARN_SUSPICIOUS_MOVE = YES;
				CLANG_WARN_UNGUARDED_AVAILABILITY = YES_AGGRESSIVE;
				CLANG_WARN_UNREACHABLE_CODE = YES;
				CLANG_WARN__DUPLICATE_METHOD_MATCH = YES;
				COPY_PHASE_STRIP = NO;
				DEBUG_INFORMATION_FORMAT = dwarf;
				ENABLE_STRICT_OBJC_MSGSEND = YES;
				ENABLE_TESTABILITY = YES;
				GCC_C_LANGUAGE_STANDARD = gnu11;
				GCC_DYNAMIC_NO_PIC = NO;
				GCC_NO_COMMON_BLOCKS = YES;
				GCC_OPTIMIZATION_LEVEL = 0;
				GCC_PREPROCESSOR_DEFINITIONS = (
					"DEBUG=1",
					"$(inherited)",
				);
				GCC_WARN_64_TO_32_BIT_CONVERSION = YES;
				GCC_WARN_ABOUT_RETURN_TYPE = YES_ERROR;
				GCC_WARN_UNDECLARED_SELECTOR = YES;
				GCC_WARN_UNINITIALIZED_AUTOS = YES_AGGRESSIVE;
				GCC_WARN_UNUSED_FUNCTION = YES;
				GCC_WARN_UNUSED_VARIABLE = YES;
				IPHONEOS_DEPLOYMENT_TARGET = 13.1;
				MTL_ENABLE_DEBUG_INFO = INCLUDE_SOURCE;
				MTL_FAST_MATH = YES;
				ONLY_ACTIVE_ARCH = YES;
				SDKROOT = iphoneos;
			};
			name = Debug;
		};
		B138989724766FE70095ACB8 /* Release */ = {
			isa = XCBuildConfiguration;
			buildSettings = {
				ALWAYS_SEARCH_USER_PATHS = NO;
				CLANG_ANALYZER_NONNULL = YES;
				CLANG_ANALYZER_NUMBER_OBJECT_CONVERSION = YES_AGGRESSIVE;
				CLANG_CXX_LANGUAGE_STANDARD = "gnu++14";
				CLANG_CXX_LIBRARY = "libc++";
				CLANG_ENABLE_MODULES = YES;
				CLANG_ENABLE_OBJC_ARC = YES;
				CLANG_ENABLE_OBJC_WEAK = YES;
				CLANG_WARN_BLOCK_CAPTURE_AUTORELEASING = YES;
				CLANG_WARN_BOOL_CONVERSION = YES;
				CLANG_WARN_COMMA = YES;
				CLANG_WARN_CONSTANT_CONVERSION = YES;
				CLANG_WARN_DEPRECATED_OBJC_IMPLEMENTATIONS = YES;
				CLANG_WARN_DIRECT_OBJC_ISA_USAGE = YES_ERROR;
				CLANG_WARN_DOCUMENTATION_COMMENTS = YES;
				CLANG_WARN_EMPTY_BODY = YES;
				CLANG_WARN_ENUM_CONVERSION = YES;
				CLANG_WARN_INFINITE_RECURSION = YES;
				CLANG_WARN_INT_CONVERSION = YES;
				CLANG_WARN_NON_LITERAL_NULL_CONVERSION = YES;
				CLANG_WARN_OBJC_IMPLICIT_RETAIN_SELF = YES;
				CLANG_WARN_OBJC_LITERAL_CONVERSION = YES;
				CLANG_WARN_OBJC_ROOT_CLASS = YES_ERROR;
				CLANG_WARN_RANGE_LOOP_ANALYSIS = YES;
				CLANG_WARN_STRICT_PROTOTYPES = YES;
				CLANG_WARN_SUSPICIOUS_MOVE = YES;
				CLANG_WARN_UNGUARDED_AVAILABILITY = YES_AGGRESSIVE;
				CLANG_WARN_UNREACHABLE_CODE = YES;
				CLANG_WARN__DUPLICATE_METHOD_MATCH = YES;
				COPY_PHASE_STRIP = NO;
				DEBUG_INFORMATION_FORMAT = "dwarf-with-dsym";
				ENABLE_NS_ASSERTIONS = NO;
				ENABLE_STRICT_OBJC_MSGSEND = YES;
				GCC_C_LANGUAGE_STANDARD = gnu11;
				GCC_NO_COMMON_BLOCKS = YES;
				GCC_WARN_64_TO_32_BIT_CONVERSION = YES;
				GCC_WARN_ABOUT_RETURN_TYPE = YES_ERROR;
				GCC_WARN_UNDECLARED_SELECTOR = YES;
				GCC_WARN_UNINITIALIZED_AUTOS = YES_AGGRESSIVE;
				GCC_WARN_UNUSED_FUNCTION = YES;
				GCC_WARN_UNUSED_VARIABLE = YES;
				IPHONEOS_DEPLOYMENT_TARGET = 13.1;
				MTL_ENABLE_DEBUG_INFO = NO;
				MTL_FAST_MATH = YES;
				SDKROOT = iphoneos;
				VALIDATE_PRODUCT = YES;
			};
			name = Release;
		};
		B138989924766FE70095ACB8 /* Debug */ = {
			isa = XCBuildConfiguration;
			buildSettings = {
				ASSETCATALOG_COMPILER_APPICON_NAME = AppIcon;
				CODE_SIGN_STYLE = Automatic;
				DEVELOPMENT_TEAM = DUBTL9M98H;
				INFOPLIST_FILE = objC_CoreData/Info.plist;
				LD_RUNPATH_SEARCH_PATHS = (
					"$(inherited)",
					"@executable_path/Frameworks",
				);
				PRODUCT_BUNDLE_IDENTIFIER = "itotdel.kluv.objC-CoreData";
				PRODUCT_NAME = "$(TARGET_NAME)";
				TARGETED_DEVICE_FAMILY = "1,2";
			};
			name = Debug;
		};
		B138989A24766FE70095ACB8 /* Release */ = {
			isa = XCBuildConfiguration;
			buildSettings = {
				ASSETCATALOG_COMPILER_APPICON_NAME = AppIcon;
				CODE_SIGN_STYLE = Automatic;
				DEVELOPMENT_TEAM = DUBTL9M98H;
				INFOPLIST_FILE = objC_CoreData/Info.plist;
				LD_RUNPATH_SEARCH_PATHS = (
					"$(inherited)",
					"@executable_path/Frameworks",
				);
				PRODUCT_BUNDLE_IDENTIFIER = "itotdel.kluv.objC-CoreData";
				PRODUCT_NAME = "$(TARGET_NAME)";
				TARGETED_DEVICE_FAMILY = "1,2";
			};
			name = Release;
		};
		B138989C24766FE70095ACB8 /* Debug */ = {
			isa = XCBuildConfiguration;
			buildSettings = {
				BUNDLE_LOADER = "$(TEST_HOST)";
				CODE_SIGN_STYLE = Automatic;
				DEVELOPMENT_TEAM = DUBTL9M98H;
				INFOPLIST_FILE = objC_CoreDataTests/Info.plist;
				IPHONEOS_DEPLOYMENT_TARGET = 13.1;
				LD_RUNPATH_SEARCH_PATHS = (
					"$(inherited)",
					"@executable_path/Frameworks",
					"@loader_path/Frameworks",
				);
				PRODUCT_BUNDLE_IDENTIFIER = "itotdel.kluv.objC-CoreDataTests";
				PRODUCT_NAME = "$(TARGET_NAME)";
				TARGETED_DEVICE_FAMILY = "1,2";
				TEST_HOST = "$(BUILT_PRODUCTS_DIR)/objC_CoreData.app/objC_CoreData";
			};
			name = Debug;
		};
		B138989D24766FE70095ACB8 /* Release */ = {
			isa = XCBuildConfiguration;
			buildSettings = {
				BUNDLE_LOADER = "$(TEST_HOST)";
				CODE_SIGN_STYLE = Automatic;
				DEVELOPMENT_TEAM = DUBTL9M98H;
				INFOPLIST_FILE = objC_CoreDataTests/Info.plist;
				IPHONEOS_DEPLOYMENT_TARGET = 13.1;
				LD_RUNPATH_SEARCH_PATHS = (
					"$(inherited)",
					"@executable_path/Frameworks",
					"@loader_path/Frameworks",
				);
				PRODUCT_BUNDLE_IDENTIFIER = "itotdel.kluv.objC-CoreDataTests";
				PRODUCT_NAME = "$(TARGET_NAME)";
				TARGETED_DEVICE_FAMILY = "1,2";
				TEST_HOST = "$(BUILT_PRODUCTS_DIR)/objC_CoreData.app/objC_CoreData";
			};
			name = Release;
		};
		B138989F24766FE70095ACB8 /* Debug */ = {
			isa = XCBuildConfiguration;
			buildSettings = {
				CODE_SIGN_STYLE = Automatic;
				DEVELOPMENT_TEAM = DUBTL9M98H;
				INFOPLIST_FILE = objC_CoreDataUITests/Info.plist;
				LD_RUNPATH_SEARCH_PATHS = (
					"$(inherited)",
					"@executable_path/Frameworks",
					"@loader_path/Frameworks",
				);
				PRODUCT_BUNDLE_IDENTIFIER = "itotdel.kluv.objC-CoreDataUITests";
				PRODUCT_NAME = "$(TARGET_NAME)";
				TARGETED_DEVICE_FAMILY = "1,2";
				TEST_TARGET_NAME = objC_CoreData;
			};
			name = Debug;
		};
		B13898A024766FE70095ACB8 /* Release */ = {
			isa = XCBuildConfiguration;
			buildSettings = {
				CODE_SIGN_STYLE = Automatic;
				DEVELOPMENT_TEAM = DUBTL9M98H;
				INFOPLIST_FILE = objC_CoreDataUITests/Info.plist;
				LD_RUNPATH_SEARCH_PATHS = (
					"$(inherited)",
					"@executable_path/Frameworks",
					"@loader_path/Frameworks",
				);
				PRODUCT_BUNDLE_IDENTIFIER = "itotdel.kluv.objC-CoreDataUITests";
				PRODUCT_NAME = "$(TARGET_NAME)";
				TARGETED_DEVICE_FAMILY = "1,2";
				TEST_TARGET_NAME = objC_CoreData;
			};
			name = Release;
		};
/* End XCBuildConfiguration section */

/* Begin XCConfigurationList section */
		B138986124766FE50095ACB8 /* Build configuration list for PBXProject "objC_CoreData" */ = {
			isa = XCConfigurationList;
			buildConfigurations = (
				B138989624766FE70095ACB8 /* Debug */,
				B138989724766FE70095ACB8 /* Release */,
			);
			defaultConfigurationIsVisible = 0;
			defaultConfigurationName = Release;
		};
		B138989824766FE70095ACB8 /* Build configuration list for PBXNativeTarget "objC_CoreData" */ = {
			isa = XCConfigurationList;
			buildConfigurations = (
				B138989924766FE70095ACB8 /* Debug */,
				B138989A24766FE70095ACB8 /* Release */,
			);
			defaultConfigurationIsVisible = 0;
			defaultConfigurationName = Release;
		};
		B138989B24766FE70095ACB8 /* Build configuration list for PBXNativeTarget "objC_CoreDataTests" */ = {
			isa = XCConfigurationList;
			buildConfigurations = (
				B138989C24766FE70095ACB8 /* Debug */,
				B138989D24766FE70095ACB8 /* Release */,
			);
			defaultConfigurationIsVisible = 0;
			defaultConfigurationName = Release;
		};
		B138989E24766FE70095ACB8 /* Build configuration list for PBXNativeTarget "objC_CoreDataUITests" */ = {
			isa = XCConfigurationList;
			buildConfigurations = (
				B138989F24766FE70095ACB8 /* Debug */,
				B13898A024766FE70095ACB8 /* Release */,
			);
			defaultConfigurationIsVisible = 0;
			defaultConfigurationName = Release;
		};
/* End XCConfigurationList section */

/* Begin XCVersionGroup section */
		B138987524766FE50095ACB8 /* objC_CoreData.xcdatamodeld */ = {
			isa = XCVersionGroup;
			children = (
				B138987624766FE50095ACB8 /* objC_CoreData.xcdatamodel */,
			);
			currentVersion = B138987624766FE50095ACB8 /* objC_CoreData.xcdatamodel */;
			path = objC_CoreData.xcdatamodeld;
			sourceTree = "<group>";
			versionGroupType = wrapper.xcdatamodel;
		};
/* End XCVersionGroup section */
	};
	rootObject = B138985E24766FE50095ACB8 /* Project object */;
}
